<?xml version="1.0" encoding="utf-8"?>
<Project ToolsVersion="4.0" xmlns="http://schemas.microsoft.com/developer/msbuild/2003">
  <ItemGroup>
    <Filter Include="Source Files">
      <UniqueIdentifier>{4FC737F1-C7A5-4376-A066-2A32D752A2FF}</UniqueIdentifier>
      <Extensions>cpp;c;cc;cxx;def;odl;idl;hpj;bat;asm;asmx</Extensions>
    </Filter>
    <Filter Include="Header Files">
      <UniqueIdentifier>{93995380-89BD-4b04-88EB-625FBE52EBFB}</UniqueIdentifier>
      <Extensions>h;hpp;hxx;hm;inl;inc;xsd</Extensions>
    </Filter>
    <Filter Include="Resource Files">
      <UniqueIdentifier>{67DA6AB6-F800-4c08-8B7A-83BB121AAD01}</UniqueIdentifier>
      <Extensions>rc;ico;cur;bmp;dlg;rc2;rct;bin;rgs;gif;jpg;jpeg;jpe;resx;tiff;tif;png;wav</Extensions>
    </Filter>
    <Filter Include="Header Files\Background">
      <UniqueIdentifier>{4447ec6e-f614-46f6-8df2-aff7823d66cb}</UniqueIdentifier>
    </Filter>
    <Filter Include="Header Files\GameFiles">
      <UniqueIdentifier>{ab638f89-864b-4ada-aa2b-339fa4036770}</UniqueIdentifier>
    </Filter>
    <Filter Include="Source Files\Background">
      <UniqueIdentifier>{55a57e4f-16ee-4b9d-8fba-832427d46aec}</UniqueIdentifier>
    </Filter>
    <Filter Include="Source Files\GameFiles">
      <UniqueIdentifier>{71b434c3-06d8-4f1c-9ddd-eab2b02c2051}</UniqueIdentifier>
    </Filter>
  </ItemGroup>
  <ItemGroup>
    <ClCompile Include="game.cpp">
      <Filter>Source Files\Background</Filter>
    </ClCompile>
    <ClCompile Include="graphics.cpp">
      <Filter>Source Files\Background</Filter>
    </ClCompile>
    <ClCompile Include="input.cpp">
      <Filter>Source Files\Background</Filter>
    </ClCompile>
    <ClCompile Include="winmain.cpp">
      <Filter>Source Files\Background</Filter>
    </ClCompile>
    <ClCompile Include="textureManager.cpp">
      <Filter>Source Files\Background</Filter>
    </ClCompile>
    <ClCompile Include="image.cpp">
      <Filter>Source Files\Background</Filter>
    </ClCompile>
    <ClCompile Include="audio.cpp">
      <Filter>Source Files\Background</Filter>
    </ClCompile>
    <ClCompile Include="textDX.cpp">
      <Filter>Source Files\Background</Filter>
    </ClCompile>
    <ClCompile Include="constants.cpp">
      <Filter>Source Files\Background</Filter>
    </ClCompile>
    <ClCompile Include="Actor.cpp">
      <Filter>Source Files\Background</Filter>
    </ClCompile>
    <ClCompile Include="Particle.cpp">
      <Filter>Source Files\GameFiles</Filter>
    </ClCompile>
    <ClCompile Include="freezeframe.cpp">
      <Filter>Source Files\GameFiles</Filter>
    </ClCompile>
    <ClCompile Include="Player.cpp">
      <Filter>Source Files\GameFiles</Filter>
    </ClCompile>
    <ClCompile Include="Guard.cpp">
      <Filter>Source Files\GameFiles</Filter>
    </ClCompile>
    <ClCompile Include="Cursor.cpp">
      <Filter>Source Files\GameFiles</Filter>
    </ClCompile>
    <ClCompile Include="Bullet.cpp">
      <Filter>Source Files\GameFiles</Filter>
    </ClCompile>
    <ClCompile Include="Utility.cpp">
      <Filter>Source Files\GameFiles</Filter>
    </ClCompile>
    <ClCompile Include="Turret.cpp">
      <Filter>Source Files\GameFiles</Filter>
    </ClCompile>
    <ClCompile Include="Wall.cpp">
      <Filter>Source Files\GameFiles</Filter>
    </ClCompile>
    <ClCompile Include="LandMine.cpp">
      <Filter>Source Files\GameFiles</Filter>
    </ClCompile>
  </ItemGroup>
  <ItemGroup>
    <ClInclude Include="constants.h">
      <Filter>Header Files\Background</Filter>
    </ClInclude>
    <ClInclude Include="gameError.h">
      <Filter>Header Files\Background</Filter>
    </ClInclude>
    <ClInclude Include="game.h">
      <Filter>Header Files\Background</Filter>
    </ClInclude>
    <ClInclude Include="graphics.h">
      <Filter>Header Files\Background</Filter>
    </ClInclude>
    <ClInclude Include="input.h">
      <Filter>Header Files\Background</Filter>
    </ClInclude>
    <ClInclude Include="textureManager.h">
      <Filter>Header Files\Background</Filter>
    </ClInclude>
    <ClInclude Include="image.h">
      <Filter>Header Files\Background</Filter>
    </ClInclude>
    <ClInclude Include="audio.h">
      <Filter>Header Files\Background</Filter>
    </ClInclude>
    <ClInclude Include="Controls.h">
      <Filter>Header Files\GameFiles</Filter>
    </ClInclude>
    <ClInclude Include="textDX.h">
      <Filter>Header Files\Background</Filter>
    </ClInclude>
    <ClInclude Include="Actor.h">
      <Filter>Header Files\Background</Filter>
    </ClInclude>
    <ClInclude Include="Particle.h">
      <Filter>Header Files\GameFiles</Filter>
    </ClInclude>
    <ClInclude Include="freezeframe.h">
      <Filter>Header Files\GameFiles</Filter>
    </ClInclude>
    <ClInclude Include="Player.h">
      <Filter>Header Files\GameFiles</Filter>
    </ClInclude>
    <ClInclude Include="Guard.h">
      <Filter>Header Files\GameFiles</Filter>
    </ClInclude>
    <ClInclude Include="Cursor.h">
      <Filter>Header Files\GameFiles</Filter>
    </ClInclude>
    <ClInclude Include="Bullet.h">
      <Filter>Header Files\GameFiles</Filter>
    </ClInclude>
    <ClInclude Include="Utility.h">
      <Filter>Header Files\GameFiles</Filter>
    </ClInclude>
    <ClInclude Include="Exit.h">
      <Filter>Header Files\GameFiles</Filter>
    </ClInclude>
    <ClInclude Include="Turret.h">
      <Filter>Header Files\GameFiles</Filter>
    </ClInclude>
    <ClInclude Include="Wall.h">
      <Filter>Header Files\GameFiles</Filter>
    </ClInclude>
    <ClInclude Include="LandMine.h">
      <Filter>Header Files\GameFiles</Filter>
    </ClInclude>
    <ClInclude Include="Item.h">
      <Filter>Header Files\GameFiles</Filter>
    </ClInclude>
  </ItemGroup>
</Project>